
Microsoft Visual Studio Solution File, Format Version 12.00
# Visual Studio Version 17
VisualStudioVersion = 17.7.34009.444
MinimumVisualStudioVersion = 10.0.40219.1
Project("{FAE04EC0-301F-11D3-BF4B-00C04F79EFBC}") = "inheritance2", "inheritance2\inheritance2.csproj", "{BD35223D-1900-4200-8DE0-44F16FA66798}"
EndProject
Global
	GlobalSection(SolutionConfigurationPlatforms) = preSolution
		Debug|Any CPU = Debug|Any CPU
		Release|Any CPU = Release|Any CPU
	EndGlobalSection
	GlobalSection(ProjectConfigurationPlatforms) = postSolution
		{BD35223D-1900-4200-8DE0-44F16FA66798}.Debug|Any CPU.ActiveCfg = Debug|Any CPU
		{BD35223D-1900-4200-8DE0-44F16FA66798}.Debug|Any CPU.Build.0 = Debug|Any CPU
		{BD35223D-1900-4200-8DE0-44F16FA66798}.Release|Any CPU.ActiveCfg = Release|Any CPU
		{BD35223D-1900-4200-8DE0-44F16FA66798}.Release|Any CPU.Build.0 = Release|Any CPU
	EndGlobalSection
	GlobalSection(SolutionProperties) = preSolution
		HideSolutionNode = FALSE
	EndGlobalSection
	GlobalSection(ExtensibilityGlobals) = postSolution
		SolutionGuid = {4D3DE423-2A9E-41A3-97C1-B1E8D8CD96BE}
	EndGlobalSection
EndGlobal
